{
  "version": "5",
  "specifiers": {
    "jsr:@std/assert@*": "1.0.19",
    "jsr:@std/internal@^1.0.12": "1.0.14",
    "npm:blakejs@1.2.1": "1.2.1",
    "npm:blakejs@^1.2.1": "1.2.1",
    "npm:ed2curve@0.3": "0.3.0",
    "npm:ed2curve@0.3.0": "0.3.0",
    "npm:tweetnacl@1.0.3": "1.0.3",
    "npm:tweetnacl@^1.0.3": "1.0.3"
  },
  "jsr": {
    "@std/assert@1.0.19": {
      "integrity": "eaada96ee120cb980bc47e040f82814d786fe8162ecc53c91d8df60b8755991e",
      "dependencies": [
        "jsr:@std/internal"
      ]
    },
    "@std/internal@1.0.14": {
      "integrity": "291516b3d4c35024d6ffbc0a9df5bf4c64116e05b50012cf846710152d2ffdf7"
    }
  },
  "npm": {
    "blakejs@1.2.1": {
      "integrity": "sha512-QXUSXI3QVc/gJME0dBpXrag1kbzOqCjCX8/b54ntNyW6sjtoqxqRk3LTmXzaJoh71zMsDCjM+47jS7XiwN/+fQ=="
    },
    "ed2curve@0.3.0": {
      "integrity": "sha512-8w2fmmq3hv9rCrcI7g9hms2pMunQr1JINfcjwR9tAyZqhtyaMN991lF/ZfHfr5tzZQ8c7y7aBgZbjfbd0fjFwQ==",
      "dependencies": [
        "tweetnacl"
      ]
    },
    "tweetnacl@1.0.3": {
      "integrity": "sha512-6rt+RN7aOi1nGMyC4Xa5DdYiukl2UWCbcJft7YhxReBGQD7OAM8Pbxw6YMo4r2diNEA8FEmu32YOn9rhaiE5yw=="
    }
  },
  "workspace": {
    "dependencies": [
      "npm:blakejs@1.2.1",
      "npm:ed2curve@0.3.0",
      "npm:tweetnacl@1.0.3"
    ],
    "packageJson": {
      "dependencies": [
        "npm:blakejs@^1.2.1",
        "npm:ed2curve@0.3",
        "npm:tweetnacl@^1.0.3"
      ]
    }
  }
}
